// !$*UTF8*$!
{
	archiveVersion = 1;
	classes = {
	};
	objectVersion = 46;
	objects = {

/* Begin PBXBuildFile section */
		1AC6FB21180E996B004C840B /* libcocos2d Mac.a in Frameworks */ = {isa = PBXBuildFile; fileRef = 1AC6FAF9180E9839004C840B /* libcocos2d Mac.a */; };
		1AC6FB30180E99EB004C840B /* libcocos2d iOS.a in Frameworks */ = {isa = PBXBuildFile; fileRef = 1AC6FB07180E9839004C840B /* libcocos2d iOS.a */; };
		1D60589F0D05DD5A006BFB54 /* Foundation.framework in Frameworks */ = {isa = PBXBuildFile; fileRef = 1D30AB110D05D00D00671497 /* Foundation.framework */; };
		1DF5F4E00D08C38300B7A737 /* UIKit.framework in Frameworks */ = {isa = PBXBuildFile; fileRef = 1DF5F4DF0D08C38300B7A737 /* UIKit.framework */; };
		288765A50DF7441C002DB57D /* CoreGraphics.framework in Frameworks */ = {isa = PBXBuildFile; fileRef = 288765A40DF7441C002DB57D /* CoreGraphics.framework */; };
		503AE0F817EB97AB00D1A890 /* Icon.icns in Resources */ = {isa = PBXBuildFile; fileRef = 503AE0F617EB97AB00D1A890 /* Icon.icns */; };
		503AE10017EB989F00D1A890 /* AppController.mm in Sources */ = {isa = PBXBuildFile; fileRef = 503AE0FB17EB989F00D1A890 /* AppController.mm */; };
		503AE10117EB989F00D1A890 /* main.m in Sources */ = {isa = PBXBuildFile; fileRef = 503AE0FC17EB989F00D1A890 /* main.m */; };
		503AE10217EB989F00D1A890 /* RootViewController.mm in Sources */ = {isa = PBXBuildFile; fileRef = 503AE0FF17EB989F00D1A890 /* RootViewController.mm */; };
		503AE10517EB98FF00D1A890 /* main.cpp in Sources */ = {isa = PBXBuildFile; fileRef = 503AE10317EB98FF00D1A890 /* main.cpp */; };
		503AE11217EB99EE00D1A890 /* libcurl.dylib in Frameworks */ = {isa = PBXBuildFile; fileRef = 503AE11117EB99EE00D1A890 /* libcurl.dylib */; };
		503AE11B17EB9C5A00D1A890 /* IOKit.framework in Frameworks */ = {isa = PBXBuildFile; fileRef = 503AE11A17EB9C5A00D1A890 /* IOKit.framework */; };
		5087E76317EB910900C73F5D /* Foundation.framework in Frameworks */ = {isa = PBXBuildFile; fileRef = 1D30AB110D05D00D00671497 /* Foundation.framework */; };
		5087E76717EB910900C73F5D /* libz.dylib in Frameworks */ = {isa = PBXBuildFile; fileRef = BF170DB412928DE900B8313A /* libz.dylib */; };
		5087E76817EB910900C73F5D /* QuartzCore.framework in Frameworks */ = {isa = PBXBuildFile; fileRef = BF1C47EA1293683800B63C5D /* QuartzCore.framework */; };
		5087E76917EB910900C73F5D /* OpenAL.framework in Frameworks */ = {isa = PBXBuildFile; fileRef = D44C620B132DFF330009C878 /* OpenAL.framework */; };
		5087E76A17EB910900C73F5D /* AVFoundation.framework in Frameworks */ = {isa = PBXBuildFile; fileRef = D44C620D132DFF430009C878 /* AVFoundation.framework */; };
		5087E76B17EB910900C73F5D /* AudioToolbox.framework in Frameworks */ = {isa = PBXBuildFile; fileRef = D44C620F132DFF4E0009C878 /* AudioToolbox.framework */; };
		5087E77D17EB970100C73F5D /* Default-568h@2x.png in Resources */ = {isa = PBXBuildFile; fileRef = 5087E77217EB970100C73F5D /* Default-568h@2x.png */; };
		5087E77E17EB970100C73F5D /* Default.png in Resources */ = {isa = PBXBuildFile; fileRef = 5087E77317EB970100C73F5D /* Default.png */; };
		5087E77F17EB970100C73F5D /* Default@2x.png in Resources */ = {isa = PBXBuildFile; fileRef = 5087E77417EB970100C73F5D /* Default@2x.png */; };
		5087E78017EB970100C73F5D /* Icon-114.png in Resources */ = {isa = PBXBuildFile; fileRef = 5087E77517EB970100C73F5D /* Icon-114.png */; };
		5087E78117EB970100C73F5D /* Icon-120.png in Resources */ = {isa = PBXBuildFile; fileRef = 5087E77617EB970100C73F5D /* Icon-120.png */; };
		5087E78217EB970100C73F5D /* Icon-144.png in Resources */ = {isa = PBXBuildFile; fileRef = 5087E77717EB970100C73F5D /* Icon-144.png */; };
		5087E78317EB970100C73F5D /* Icon-152.png in Resources */ = {isa = PBXBuildFile; fileRef = 5087E77817EB970100C73F5D /* Icon-152.png */; };
		5087E78417EB970100C73F5D /* Icon-57.png in Resources */ = {isa = PBXBuildFile; fileRef = 5087E77917EB970100C73F5D /* Icon-57.png */; };
		5087E78517EB970100C73F5D /* Icon-72.png in Resources */ = {isa = PBXBuildFile; fileRef = 5087E77A17EB970100C73F5D /* Icon-72.png */; };
		5087E78617EB970100C73F5D /* Icon-76.png in Resources */ = {isa = PBXBuildFile; fileRef = 5087E77B17EB970100C73F5D /* Icon-76.png */; };
		5087E78917EB974C00C73F5D /* AppKit.framework in Frameworks */ = {isa = PBXBuildFile; fileRef = 5087E78817EB974C00C73F5D /* AppKit.framework */; };
		5087E78B17EB975400C73F5D /* OpenGL.framework in Frameworks */ = {isa = PBXBuildFile; fileRef = 5087E78A17EB975400C73F5D /* OpenGL.framework */; };
		50EF629617ECD46A001EB2F8 /* Icon-40.png in Resources */ = {isa = PBXBuildFile; fileRef = 50EF629217ECD46A001EB2F8 /* Icon-40.png */; };
		50EF629717ECD46A001EB2F8 /* Icon-58.png in Resources */ = {isa = PBXBuildFile; fileRef = 50EF629317ECD46A001EB2F8 /* Icon-58.png */; };
		50EF629817ECD46A001EB2F8 /* Icon-80.png in Resources */ = {isa = PBXBuildFile; fileRef = 50EF629417ECD46A001EB2F8 /* Icon-80.png */; };
		50EF629917ECD46A001EB2F8 /* Icon-100.png in Resources */ = {isa = PBXBuildFile; fileRef = 50EF629517ECD46A001EB2F8 /* Icon-100.png */; };
		50EF62A217ECD613001EB2F8 /* Icon-29.png in Resources */ = {isa = PBXBuildFile; fileRef = 50EF62A017ECD613001EB2F8 /* Icon-29.png */; };
		50EF62A317ECD613001EB2F8 /* Icon-50.png in Resources */ = {isa = PBXBuildFile; fileRef = 50EF62A117ECD613001EB2F8 /* Icon-50.png */; };
		521A8E6419F0C34300D177D7 /* Default-667h@2x.png in Resources */ = {isa = PBXBuildFile; fileRef = 521A8E6219F0C34300D177D7 /* Default-667h@2x.png */; };
		521A8E6519F0C34300D177D7 /* Default-736h@3x.png in Resources */ = {isa = PBXBuildFile; fileRef = 521A8E6319F0C34300D177D7 /* Default-736h@3x.png */; };
		B8041DAC1B5E4782002A4C14 /* User.cpp in Sources */ = {isa = PBXBuildFile; fileRef = B8041DAA1B5E4782002A4C14 /* User.cpp */; };
		B8041DAD1B5E4782002A4C14 /* User.cpp in Sources */ = {isa = PBXBuildFile; fileRef = B8041DAA1B5E4782002A4C14 /* User.cpp */; };
		B814A14C1BDE56FC006F6E71 /* Parse.framework in Frameworks */ = {isa = PBXBuildFile; fileRef = B814A14B1BDE56FB006F6E71 /* Parse.framework */; };
		B814A14E1BDE5C36006F6E71 /* Accounts.framework in Frameworks */ = {isa = PBXBuildFile; fileRef = B814A14D1BDE5C35006F6E71 /* Accounts.framework */; };
		B814A1501BDE5C52006F6E71 /* CFNetwork.framework in Frameworks */ = {isa = PBXBuildFile; fileRef = B814A14F1BDE5C52006F6E71 /* CFNetwork.framework */; };
		B814A1521BDE5C6D006F6E71 /* CoreLocation.framework in Frameworks */ = {isa = PBXBuildFile; fileRef = B814A1511BDE5C6D006F6E71 /* CoreLocation.framework */; };
		B814A1541BDE5C7C006F6E71 /* Security.framework in Frameworks */ = {isa = PBXBuildFile; fileRef = B814A1531BDE5C7C006F6E71 /* Security.framework */; };
		B814A1561BDE5C89006F6E71 /* Social.framework in Frameworks */ = {isa = PBXBuildFile; fileRef = B814A1551BDE5C89006F6E71 /* Social.framework */; };
		B814A1581BDE5C8E006F6E71 /* StoreKit.framework in Frameworks */ = {isa = PBXBuildFile; fileRef = B814A1571BDE5C8E006F6E71 /* StoreKit.framework */; };
		B814A15A1BDE5CA2006F6E71 /* SystemConfiguration.framework in Frameworks */ = {isa = PBXBuildFile; fileRef = B814A1591BDE5CA2006F6E71 /* SystemConfiguration.framework */; };
		B814A15E1BDE5CDA006F6E71 /* libsqlite3.dylib in Frameworks */ = {isa = PBXBuildFile; fileRef = B814A15D1BDE5CDA006F6E71 /* libsqlite3.dylib */; };
		B814A1601BDE5E62006F6E71 /* Bolts.framework in Frameworks */ = {isa = PBXBuildFile; fileRef = B814A15F1BDE5E62006F6E71 /* Bolts.framework */; };
		B814A1631BDE8065006F6E71 /* Bolts.framework in Frameworks */ = {isa = PBXBuildFile; fileRef = B814A1611BDE8065006F6E71 /* Bolts.framework */; };
		B814A1641BDE8066006F6E71 /* Parse.framework in Frameworks */ = {isa = PBXBuildFile; fileRef = B814A1621BDE8065006F6E71 /* Parse.framework */; };
		B814A1661BDE80F3006F6E71 /* ServerAPI.mm in Sources */ = {isa = PBXBuildFile; fileRef = B814A1651BDE80F3006F6E71 /* ServerAPI.mm */; };
		B814A1681BDE8159006F6E71 /* ApplicationServices.framework in Frameworks */ = {isa = PBXBuildFile; fileRef = B814A1671BDE8159006F6E71 /* ApplicationServices.framework */; };
		B814A16A1BDE816C006F6E71 /* CFNetwork.framework in Frameworks */ = {isa = PBXBuildFile; fileRef = B814A1691BDE816C006F6E71 /* CFNetwork.framework */; };
		B814A16B1BDE8183006F6E71 /* CoreGraphics.framework in Frameworks */ = {isa = PBXBuildFile; fileRef = 288765A40DF7441C002DB57D /* CoreGraphics.framework */; };
		B814A16D1BDE818D006F6E71 /* CoreLocation.framework in Frameworks */ = {isa = PBXBuildFile; fileRef = B814A16C1BDE818D006F6E71 /* CoreLocation.framework */; };
		B814A16F1BDE8199006F6E71 /* Security.framework in Frameworks */ = {isa = PBXBuildFile; fileRef = B814A16E1BDE8199006F6E71 /* Security.framework */; };
		B814A1711BDE81A1006F6E71 /* SystemConfiguration.framework in Frameworks */ = {isa = PBXBuildFile; fileRef = B814A1701BDE81A1006F6E71 /* SystemConfiguration.framework */; };
		B814A1731BDE81AC006F6E71 /* libsqlite3.dylib in Frameworks */ = {isa = PBXBuildFile; fileRef = B814A1721BDE81AC006F6E71 /* libsqlite3.dylib */; };
		B814A1751BDE8253006F6E71 /* Parse.framework in CopyFiles */ = {isa = PBXBuildFile; fileRef = B814A1621BDE8065006F6E71 /* Parse.framework */; settings = {ATTRIBUTES = (CodeSignOnCopy, RemoveHeadersOnCopy, ); }; };
		B814A1761BDE8259006F6E71 /* Bolts.framework in CopyFiles */ = {isa = PBXBuildFile; fileRef = B814A1611BDE8065006F6E71 /* Bolts.framework */; settings = {ATTRIBUTES = (CodeSignOnCopy, RemoveHeadersOnCopy, ); }; };
		B814A17D1BDFB679006F6E71 /* MealsLayer.cpp in Sources */ = {isa = PBXBuildFile; fileRef = B814A17B1BDFB676006F6E71 /* MealsLayer.cpp */; };
		B814A17E1BDFB67C006F6E71 /* MealsLayer.cpp in Sources */ = {isa = PBXBuildFile; fileRef = B814A17B1BDFB676006F6E71 /* MealsLayer.cpp */; };
		B82D04681A641E8600BCEF26 /* AppDelegate.cpp in Sources */ = {isa = PBXBuildFile; fileRef = B82D045C1A641E8600BCEF26 /* AppDelegate.cpp */; };
		B82D04691A641E8600BCEF26 /* AppDelegate.cpp in Sources */ = {isa = PBXBuildFile; fileRef = B82D045C1A641E8600BCEF26 /* AppDelegate.cpp */; };
		B82D046A1A641E8600BCEF26 /* AppConfig.cpp in Sources */ = {isa = PBXBuildFile; fileRef = B82D04601A641E8600BCEF26 /* AppConfig.cpp */; };
		B82D046B1A641E8600BCEF26 /* AppConfig.cpp in Sources */ = {isa = PBXBuildFile; fileRef = B82D04601A641E8600BCEF26 /* AppConfig.cpp */; };
		B82D046C1A641E8600BCEF26 /* LoginLayer.cpp in Sources */ = {isa = PBXBuildFile; fileRef = B82D04621A641E8600BCEF26 /* LoginLayer.cpp */; };
		B82D046D1A641E8600BCEF26 /* LoginLayer.cpp in Sources */ = {isa = PBXBuildFile; fileRef = B82D04621A641E8600BCEF26 /* LoginLayer.cpp */; };
		B82D046E1A641E8600BCEF26 /* Localized.cpp in Sources */ = {isa = PBXBuildFile; fileRef = B82D04641A641E8600BCEF26 /* Localized.cpp */; };
		B82D046F1A641E8600BCEF26 /* Localized.cpp in Sources */ = {isa = PBXBuildFile; fileRef = B82D04641A641E8600BCEF26 /* Localized.cpp */; };
		B82D04701A641E8600BCEF26 /* Shared.cpp in Sources */ = {isa = PBXBuildFile; fileRef = B82D04661A641E8600BCEF26 /* Shared.cpp */; };
		B82D04711A641E8600BCEF26 /* Shared.cpp in Sources */ = {isa = PBXBuildFile; fileRef = B82D04661A641E8600BCEF26 /* Shared.cpp */; };
		B82D04731A641EB400BCEF26 /* Res in Resources */ = {isa = PBXBuildFile; fileRef = B82D04721A641EB400BCEF26 /* Res */; };
		B82D04741A641EB400BCEF26 /* Res in Resources */ = {isa = PBXBuildFile; fileRef = B82D04721A641EB400BCEF26 /* Res */; };
		B840C7FE1BE1CBA300116E94 /* UserSettingsLayer.cpp in Sources */ = {isa = PBXBuildFile; fileRef = B840C7FC1BE1CBA300116E94 /* UserSettingsLayer.cpp */; };
		B840C7FF1BE1CBA300116E94 /* UserSettingsLayer.cpp in Sources */ = {isa = PBXBuildFile; fileRef = B840C7FC1BE1CBA300116E94 /* UserSettingsLayer.cpp */; };
		B845C8A61B615DD200551122 /* MainLayer.cpp in Sources */ = {isa = PBXBuildFile; fileRef = B845C8A41B615DD200551122 /* MainLayer.cpp */; };
		B845C8A71B615DD200551122 /* MainLayer.cpp in Sources */ = {isa = PBXBuildFile; fileRef = B845C8A41B615DD200551122 /* MainLayer.cpp */; };
		B8624D6C1B596794006B3E3D /* Toast.cpp in Sources */ = {isa = PBXBuildFile; fileRef = B8624D6A1B596794006B3E3D /* Toast.cpp */; };
		B8624D6D1B596794006B3E3D /* Toast.cpp in Sources */ = {isa = PBXBuildFile; fileRef = B8624D6A1B596794006B3E3D /* Toast.cpp */; };
		B8624D701B5A0DF3006B3E3D /* LayerBlocker.cpp in Sources */ = {isa = PBXBuildFile; fileRef = B8624D6E1B5A0DF3006B3E3D /* LayerBlocker.cpp */; };
		B8624D711B5A0DF3006B3E3D /* LayerBlocker.cpp in Sources */ = {isa = PBXBuildFile; fileRef = B8624D6E1B5A0DF3006B3E3D /* LayerBlocker.cpp */; };
		B8C616781B5635AA007519A8 /* ServerAPI.mm in Sources */ = {isa = PBXBuildFile; fileRef = B8C616771B5635AA007519A8 /* ServerAPI.mm */; };
		B8FAA4AA1BE11236002639AE /* Meal.cpp in Sources */ = {isa = PBXBuildFile; fileRef = B8FAA4A81BE11236002639AE /* Meal.cpp */; };
		B8FAA4AB1BE11236002639AE /* Meal.cpp in Sources */ = {isa = PBXBuildFile; fileRef = B8FAA4A81BE11236002639AE /* Meal.cpp */; };
		B8FAA4AE1BE11289002639AE /* Date.cpp in Sources */ = {isa = PBXBuildFile; fileRef = B8FAA4AC1BE11289002639AE /* Date.cpp */; };
		B8FAA4AF1BE11289002639AE /* Date.cpp in Sources */ = {isa = PBXBuildFile; fileRef = B8FAA4AC1BE11289002639AE /* Date.cpp */; };
		B8FAA4B21BE11B22002639AE /* Goal.cpp in Sources */ = {isa = PBXBuildFile; fileRef = B8FAA4B01BE11B22002639AE /* Goal.cpp */; };
		B8FAA4B31BE11B22002639AE /* Goal.cpp in Sources */ = {isa = PBXBuildFile; fileRef = B8FAA4B01BE11B22002639AE /* Goal.cpp */; };
		B8FAA4B61BE11C9E002639AE /* MealGroup.cpp in Sources */ = {isa = PBXBuildFile; fileRef = B8FAA4B41BE11C9E002639AE /* MealGroup.cpp */; };
		B8FAA4B71BE11C9E002639AE /* MealGroup.cpp in Sources */ = {isa = PBXBuildFile; fileRef = B8FAA4B41BE11C9E002639AE /* MealGroup.cpp */; };
		B8FAA4BA1BE12171002639AE /* Tests.cpp in Sources */ = {isa = PBXBuildFile; fileRef = B8FAA4B81BE12171002639AE /* Tests.cpp */; };
		B8FAA4BB1BE12171002639AE /* Tests.cpp in Sources */ = {isa = PBXBuildFile; fileRef = B8FAA4B81BE12171002639AE /* Tests.cpp */; };
		B8FAA4C01BE1A1BC002639AE /* MealItemCell.cpp in Sources */ = {isa = PBXBuildFile; fileRef = B8FAA4BE1BE1A1BC002639AE /* MealItemCell.cpp */; };
		B8FAA4C11BE1A1BC002639AE /* MealItemCell.cpp in Sources */ = {isa = PBXBuildFile; fileRef = B8FAA4BE1BE1A1BC002639AE /* MealItemCell.cpp */; };
		BF171245129291EC00B8313A /* OpenGLES.framework in Frameworks */ = {isa = PBXBuildFile; fileRef = BF170DB012928DE900B8313A /* OpenGLES.framework */; };
		BF1712471292920000B8313A /* libz.dylib in Frameworks */ = {isa = PBXBuildFile; fileRef = BF170DB412928DE900B8313A /* libz.dylib */; };
		BF1C47F01293687400B63C5D /* QuartzCore.framework in Frameworks */ = {isa = PBXBuildFile; fileRef = BF1C47EA1293683800B63C5D /* QuartzCore.framework */; };
		D44C620C132DFF330009C878 /* OpenAL.framework in Frameworks */ = {isa = PBXBuildFile; fileRef = D44C620B132DFF330009C878 /* OpenAL.framework */; };
		D44C620E132DFF430009C878 /* AVFoundation.framework in Frameworks */ = {isa = PBXBuildFile; fileRef = D44C620D132DFF430009C878 /* AVFoundation.framework */; };
		D44C6210132DFF4E0009C878 /* AudioToolbox.framework in Frameworks */ = {isa = PBXBuildFile; fileRef = D44C620F132DFF4E0009C878 /* AudioToolbox.framework */; };
		D6B0611B1803AB670077942B /* CoreMotion.framework in Frameworks */ = {isa = PBXBuildFile; fileRef = D6B0611A1803AB670077942B /* CoreMotion.framework */; };
/* End PBXBuildFile section */

/* Begin PBXContainerItemProxy section */
		1AC6FAF8180E9839004C840B /* PBXContainerItemProxy */ = {
			isa = PBXContainerItemProxy;
			containerPortal = 1AC6FAE5180E9839004C840B /* cocos2d_libs.xcodeproj */;
			proxyType = 2;
			remoteGlobalIDString = 1551A33F158F2AB200E66CFE;
			remoteInfo = "cocos2dx Mac";
		};
		1AC6FB06180E9839004C840B /* PBXContainerItemProxy */ = {
			isa = PBXContainerItemProxy;
			containerPortal = 1AC6FAE5180E9839004C840B /* cocos2d_libs.xcodeproj */;
			proxyType = 2;
			remoteGlobalIDString = A07A4D641783777C0073F6A7;
			remoteInfo = "cocos2dx iOS";
		};
		1AC6FB15180E9959004C840B /* PBXContainerItemProxy */ = {
			isa = PBXContainerItemProxy;
			containerPortal = 1AC6FAE5180E9839004C840B /* cocos2d_libs.xcodeproj */;
			proxyType = 1;
			remoteGlobalIDString = 1551A33E158F2AB200E66CFE;
			remoteInfo = "cocos2dx Mac";
		};
		1AC6FB24180E99E1004C840B /* PBXContainerItemProxy */ = {
			isa = PBXContainerItemProxy;
			containerPortal = 1AC6FAE5180E9839004C840B /* cocos2d_libs.xcodeproj */;
			proxyType = 1;
			remoteGlobalIDString = A07A4C241783777C0073F6A7;
			remoteInfo = "cocos2dx iOS";
		};
/* End PBXContainerItemProxy section */

/* Begin PBXCopyFilesBuildPhase section */
		B814A1741BDE822E006F6E71 /* CopyFiles */ = {
			isa = PBXCopyFilesBuildPhase;
			buildActionMask = 2147483647;
			dstPath = "";
			dstSubfolderSpec = 16;
			files = (
				B814A1761BDE8259006F6E71 /* Bolts.framework in CopyFiles */,
				B814A1751BDE8253006F6E71 /* Parse.framework in CopyFiles */,
			);
			runOnlyForDeploymentPostprocessing = 0;
		};
/* End PBXCopyFilesBuildPhase section */

/* Begin PBXFileReference section */
		1AC6FAE5180E9839004C840B /* cocos2d_libs.xcodeproj */ = {isa = PBXFileReference; lastKnownFileType = "wrapper.pb-project"; name = cocos2d_libs.xcodeproj; path = ../cocos2d/build/cocos2d_libs.xcodeproj; sourceTree = "<group>"; };
		1ACB3243164770DE00914215 /* libcurl.a */ = {isa = PBXFileReference; lastKnownFileType = archive.ar; name = libcurl.a; path = ../../cocos2dx/platform/third_party/ios/libraries/libcurl.a; sourceTree = "<group>"; };
		1D30AB110D05D00D00671497 /* Foundation.framework */ = {isa = PBXFileReference; lastKnownFileType = wrapper.framework; name = Foundation.framework; path = System/Library/Frameworks/Foundation.framework; sourceTree = SDKROOT; };
		1D6058910D05DD3D006BFB54 /* ttt_c_tracker iOS.app */ = {isa = PBXFileReference; explicitFileType = wrapper.application; includeInIndex = 0; path = "ttt_c_tracker iOS.app"; sourceTree = BUILT_PRODUCTS_DIR; };
		1DF5F4DF0D08C38300B7A737 /* UIKit.framework */ = {isa = PBXFileReference; lastKnownFileType = wrapper.framework; name = UIKit.framework; path = System/Library/Frameworks/UIKit.framework; sourceTree = SDKROOT; };
		288765A40DF7441C002DB57D /* CoreGraphics.framework */ = {isa = PBXFileReference; lastKnownFileType = wrapper.framework; name = CoreGraphics.framework; path = System/Library/Frameworks/CoreGraphics.framework; sourceTree = SDKROOT; };
		503AE0F617EB97AB00D1A890 /* Icon.icns */ = {isa = PBXFileReference; lastKnownFileType = image.icns; path = Icon.icns; sourceTree = "<group>"; };
		503AE0F717EB97AB00D1A890 /* Info.plist */ = {isa = PBXFileReference; fileEncoding = 4; lastKnownFileType = text.plist.xml; path = Info.plist; sourceTree = "<group>"; };
		503AE0FA17EB989F00D1A890 /* AppController.h */ = {isa = PBXFileReference; fileEncoding = 4; lastKnownFileType = sourcecode.c.h; name = AppController.h; path = ios/AppController.h; sourceTree = SOURCE_ROOT; };
		503AE0FB17EB989F00D1A890 /* AppController.mm */ = {isa = PBXFileReference; fileEncoding = 4; lastKnownFileType = sourcecode.cpp.objcpp; name = AppController.mm; path = ios/AppController.mm; sourceTree = SOURCE_ROOT; };
		503AE0FC17EB989F00D1A890 /* main.m */ = {isa = PBXFileReference; fileEncoding = 4; lastKnownFileType = sourcecode.c.objc; name = main.m; path = ios/main.m; sourceTree = SOURCE_ROOT; };
		503AE0FD17EB989F00D1A890 /* Prefix.pch */ = {isa = PBXFileReference; fileEncoding = 4; lastKnownFileType = sourcecode.c.h; name = Prefix.pch; path = ios/Prefix.pch; sourceTree = SOURCE_ROOT; };
		503AE0FE17EB989F00D1A890 /* RootViewController.h */ = {isa = PBXFileReference; fileEncoding = 4; lastKnownFileType = sourcecode.c.h; name = RootViewController.h; path = ios/RootViewController.h; sourceTree = SOURCE_ROOT; };
		503AE0FF17EB989F00D1A890 /* RootViewController.mm */ = {isa = PBXFileReference; fileEncoding = 4; lastKnownFileType = sourcecode.cpp.objcpp; name = RootViewController.mm; path = ios/RootViewController.mm; sourceTree = SOURCE_ROOT; };
		503AE10317EB98FF00D1A890 /* main.cpp */ = {isa = PBXFileReference; fileEncoding = 4; lastKnownFileType = sourcecode.cpp.cpp; name = main.cpp; path = mac/main.cpp; sourceTree = "<group>"; };
		503AE10417EB98FF00D1A890 /* Prefix.pch */ = {isa = PBXFileReference; fileEncoding = 4; lastKnownFileType = sourcecode.c.h; name = Prefix.pch; path = mac/Prefix.pch; sourceTree = "<group>"; };
		503AE11117EB99EE00D1A890 /* libcurl.dylib */ = {isa = PBXFileReference; lastKnownFileType = "compiled.mach-o.dylib"; name = libcurl.dylib; path = usr/lib/libcurl.dylib; sourceTree = SDKROOT; };
		503AE11A17EB9C5A00D1A890 /* IOKit.framework */ = {isa = PBXFileReference; lastKnownFileType = wrapper.framework; name = IOKit.framework; path = System/Library/Frameworks/IOKit.framework; sourceTree = SDKROOT; };
		5087E76F17EB910900C73F5D /* ttt_c_tracker Mac.app */ = {isa = PBXFileReference; explicitFileType = wrapper.application; includeInIndex = 0; path = "ttt_c_tracker Mac.app"; sourceTree = BUILT_PRODUCTS_DIR; };
		5087E77217EB970100C73F5D /* Default-568h@2x.png */ = {isa = PBXFileReference; lastKnownFileType = image.png; path = "Default-568h@2x.png"; sourceTree = "<group>"; };
		5087E77317EB970100C73F5D /* Default.png */ = {isa = PBXFileReference; lastKnownFileType = image.png; path = Default.png; sourceTree = "<group>"; };
		5087E77417EB970100C73F5D /* Default@2x.png */ = {isa = PBXFileReference; lastKnownFileType = image.png; path = "Default@2x.png"; sourceTree = "<group>"; };
		5087E77517EB970100C73F5D /* Icon-114.png */ = {isa = PBXFileReference; lastKnownFileType = image.png; path = "Icon-114.png"; sourceTree = "<group>"; };
		5087E77617EB970100C73F5D /* Icon-120.png */ = {isa = PBXFileReference; lastKnownFileType = image.png; path = "Icon-120.png"; sourceTree = "<group>"; };
		5087E77717EB970100C73F5D /* Icon-144.png */ = {isa = PBXFileReference; lastKnownFileType = image.png; path = "Icon-144.png"; sourceTree = "<group>"; };
		5087E77817EB970100C73F5D /* Icon-152.png */ = {isa = PBXFileReference; lastKnownFileType = image.png; path = "Icon-152.png"; sourceTree = "<group>"; };
		5087E77917EB970100C73F5D /* Icon-57.png */ = {isa = PBXFileReference; lastKnownFileType = image.png; path = "Icon-57.png"; sourceTree = "<group>"; };
		5087E77A17EB970100C73F5D /* Icon-72.png */ = {isa = PBXFileReference; lastKnownFileType = image.png; path = "Icon-72.png"; sourceTree = "<group>"; };
		5087E77B17EB970100C73F5D /* Icon-76.png */ = {isa = PBXFileReference; lastKnownFileType = image.png; path = "Icon-76.png"; sourceTree = "<group>"; };
		5087E77C17EB970100C73F5D /* Info.plist */ = {isa = PBXFileReference; fileEncoding = 4; lastKnownFileType = text.plist.xml; path = Info.plist; sourceTree = "<group>"; };
		5087E78817EB974C00C73F5D /* AppKit.framework */ = {isa = PBXFileReference; lastKnownFileType = wrapper.framework; name = AppKit.framework; path = System/Library/Frameworks/AppKit.framework; sourceTree = SDKROOT; };
		5087E78A17EB975400C73F5D /* OpenGL.framework */ = {isa = PBXFileReference; lastKnownFileType = wrapper.framework; name = OpenGL.framework; path = System/Library/Frameworks/OpenGL.framework; sourceTree = SDKROOT; };
		50EF629217ECD46A001EB2F8 /* Icon-40.png */ = {isa = PBXFileReference; lastKnownFileType = image.png; path = "Icon-40.png"; sourceTree = "<group>"; };
		50EF629317ECD46A001EB2F8 /* Icon-58.png */ = {isa = PBXFileReference; lastKnownFileType = image.png; path = "Icon-58.png"; sourceTree = "<group>"; };
		50EF629417ECD46A001EB2F8 /* Icon-80.png */ = {isa = PBXFileReference; lastKnownFileType = image.png; path = "Icon-80.png"; sourceTree = "<group>"; };
		50EF629517ECD46A001EB2F8 /* Icon-100.png */ = {isa = PBXFileReference; lastKnownFileType = image.png; path = "Icon-100.png"; sourceTree = "<group>"; };
		50EF62A017ECD613001EB2F8 /* Icon-29.png */ = {isa = PBXFileReference; lastKnownFileType = image.png; path = "Icon-29.png"; sourceTree = "<group>"; };
		50EF62A117ECD613001EB2F8 /* Icon-50.png */ = {isa = PBXFileReference; lastKnownFileType = image.png; path = "Icon-50.png"; sourceTree = "<group>"; };
		521A8E6219F0C34300D177D7 /* Default-667h@2x.png */ = {isa = PBXFileReference; lastKnownFileType = image.png; path = "Default-667h@2x.png"; sourceTree = "<group>"; };
		521A8E6319F0C34300D177D7 /* Default-736h@3x.png */ = {isa = PBXFileReference; lastKnownFileType = image.png; path = "Default-736h@3x.png"; sourceTree = "<group>"; };
		B8041DAA1B5E4782002A4C14 /* User.cpp */ = {isa = PBXFileReference; fileEncoding = 4; lastKnownFileType = sourcecode.cpp.cpp; path = User.cpp; sourceTree = "<group>"; };
		B8041DAB1B5E4782002A4C14 /* User.h */ = {isa = PBXFileReference; fileEncoding = 4; lastKnownFileType = sourcecode.c.h; path = User.h; sourceTree = "<group>"; };
		B814A14B1BDE56FB006F6E71 /* Parse.framework */ = {isa = PBXFileReference; lastKnownFileType = wrapper.framework; name = Parse.framework; path = ios/Parse.framework; sourceTree = SOURCE_ROOT; };
		B814A14D1BDE5C35006F6E71 /* Accounts.framework */ = {isa = PBXFileReference; lastKnownFileType = wrapper.framework; name = Accounts.framework; path = Platforms/iPhoneOS.platform/Developer/SDKs/iPhoneOS8.1.sdk/System/Library/Frameworks/Accounts.framework; sourceTree = DEVELOPER_DIR; };
		B814A14F1BDE5C52006F6E71 /* CFNetwork.framework */ = {isa = PBXFileReference; lastKnownFileType = wrapper.framework; name = CFNetwork.framework; path = Platforms/iPhoneOS.platform/Developer/SDKs/iPhoneOS8.1.sdk/System/Library/Frameworks/CFNetwork.framework; sourceTree = DEVELOPER_DIR; };
		B814A1511BDE5C6D006F6E71 /* CoreLocation.framework */ = {isa = PBXFileReference; lastKnownFileType = wrapper.framework; name = CoreLocation.framework; path = Platforms/iPhoneOS.platform/Developer/SDKs/iPhoneOS8.1.sdk/System/Library/Frameworks/CoreLocation.framework; sourceTree = DEVELOPER_DIR; };
		B814A1531BDE5C7C006F6E71 /* Security.framework */ = {isa = PBXFileReference; lastKnownFileType = wrapper.framework; name = Security.framework; path = Platforms/iPhoneOS.platform/Developer/SDKs/iPhoneOS8.1.sdk/System/Library/Frameworks/Security.framework; sourceTree = DEVELOPER_DIR; };
		B814A1551BDE5C89006F6E71 /* Social.framework */ = {isa = PBXFileReference; lastKnownFileType = wrapper.framework; name = Social.framework; path = Platforms/iPhoneOS.platform/Developer/SDKs/iPhoneOS8.1.sdk/System/Library/Frameworks/Social.framework; sourceTree = DEVELOPER_DIR; };
		B814A1571BDE5C8E006F6E71 /* StoreKit.framework */ = {isa = PBXFileReference; lastKnownFileType = wrapper.framework; name = StoreKit.framework; path = Platforms/iPhoneOS.platform/Developer/SDKs/iPhoneOS8.1.sdk/System/Library/Frameworks/StoreKit.framework; sourceTree = DEVELOPER_DIR; };
		B814A1591BDE5CA2006F6E71 /* SystemConfiguration.framework */ = {isa = PBXFileReference; lastKnownFileType = wrapper.framework; name = SystemConfiguration.framework; path = Platforms/iPhoneOS.platform/Developer/SDKs/iPhoneOS8.1.sdk/System/Library/Frameworks/SystemConfiguration.framework; sourceTree = DEVELOPER_DIR; };
		B814A15B1BDE5CC6006F6E71 /* libz.dylib */ = {isa = PBXFileReference; lastKnownFileType = "compiled.mach-o.dylib"; name = libz.dylib; path = Platforms/iPhoneOS.platform/Developer/SDKs/iPhoneOS8.1.sdk/usr/lib/libz.dylib; sourceTree = DEVELOPER_DIR; };
		B814A15D1BDE5CDA006F6E71 /* libsqlite3.dylib */ = {isa = PBXFileReference; lastKnownFileType = "compiled.mach-o.dylib"; name = libsqlite3.dylib; path = Platforms/iPhoneOS.platform/Developer/SDKs/iPhoneOS8.1.sdk/usr/lib/libsqlite3.dylib; sourceTree = DEVELOPER_DIR; };
		B814A15F1BDE5E62006F6E71 /* Bolts.framework */ = {isa = PBXFileReference; lastKnownFileType = wrapper.framework; name = Bolts.framework; path = ios/Bolts.framework; sourceTree = SOURCE_ROOT; };
		B814A1611BDE8065006F6E71 /* Bolts.framework */ = {isa = PBXFileReference; lastKnownFileType = wrapper.framework; name = Bolts.framework; path = mac/Bolts.framework; sourceTree = "<group>"; };
		B814A1621BDE8065006F6E71 /* Parse.framework */ = {isa = PBXFileReference; lastKnownFileType = wrapper.framework; name = Parse.framework; path = mac/Parse.framework; sourceTree = "<group>"; };
		B814A1651BDE80F3006F6E71 /* ServerAPI.mm */ = {isa = PBXFileReference; fileEncoding = 4; lastKnownFileType = sourcecode.cpp.objcpp; name = ServerAPI.mm; path = mac/ServerAPI.mm; sourceTree = "<group>"; };
		B814A1671BDE8159006F6E71 /* ApplicationServices.framework */ = {isa = PBXFileReference; lastKnownFileType = wrapper.framework; name = ApplicationServices.framework; path = System/Library/Frameworks/ApplicationServices.framework; sourceTree = SDKROOT; };
		B814A1691BDE816C006F6E71 /* CFNetwork.framework */ = {isa = PBXFileReference; lastKnownFileType = wrapper.framework; name = CFNetwork.framework; path = System/Library/Frameworks/CFNetwork.framework; sourceTree = SDKROOT; };
		B814A16C1BDE818D006F6E71 /* CoreLocation.framework */ = {isa = PBXFileReference; lastKnownFileType = wrapper.framework; name = CoreLocation.framework; path = System/Library/Frameworks/CoreLocation.framework; sourceTree = SDKROOT; };
		B814A16E1BDE8199006F6E71 /* Security.framework */ = {isa = PBXFileReference; lastKnownFileType = wrapper.framework; name = Security.framework; path = System/Library/Frameworks/Security.framework; sourceTree = SDKROOT; };
		B814A1701BDE81A1006F6E71 /* SystemConfiguration.framework */ = {isa = PBXFileReference; lastKnownFileType = wrapper.framework; name = SystemConfiguration.framework; path = System/Library/Frameworks/SystemConfiguration.framework; sourceTree = SDKROOT; };
		B814A1721BDE81AC006F6E71 /* libsqlite3.dylib */ = {isa = PBXFileReference; lastKnownFileType = "compiled.mach-o.dylib"; name = libsqlite3.dylib; path = usr/lib/libsqlite3.dylib; sourceTree = SDKROOT; };
		B814A1791BDF77E7006F6E71 /* LoginLayerOnKeyboardEnterExit.h */ = {isa = PBXFileReference; lastKnownFileType = sourcecode.c.h; name = LoginLayerOnKeyboardEnterExit.h; path = ios/LoginLayerOnKeyboardEnterExit.h; sourceTree = SOURCE_ROOT; };
		B814A17A1BDF7BDF006F6E71 /* LoginLayerOnKeyboardEnterExit.h */ = {isa = PBXFileReference; lastKnownFileType = sourcecode.c.h; name = LoginLayerOnKeyboardEnterExit.h; path = mac/LoginLayerOnKeyboardEnterExit.h; sourceTree = "<group>"; };
		B814A17B1BDFB676006F6E71 /* MealsLayer.cpp */ = {isa = PBXFileReference; fileEncoding = 4; lastKnownFileType = sourcecode.cpp.cpp; path = MealsLayer.cpp; sourceTree = "<group>"; };
		B814A17C1BDFB678006F6E71 /* MealsLayer.h */ = {isa = PBXFileReference; fileEncoding = 4; lastKnownFileType = sourcecode.c.h; path = MealsLayer.h; sourceTree = "<group>"; };
		B82D045C1A641E8600BCEF26 /* AppDelegate.cpp */ = {isa = PBXFileReference; fileEncoding = 4; lastKnownFileType = sourcecode.cpp.cpp; path = AppDelegate.cpp; sourceTree = "<group>"; };
		B82D045D1A641E8600BCEF26 /* AppDelegate.h */ = {isa = PBXFileReference; fileEncoding = 4; lastKnownFileType = sourcecode.c.h; path = AppDelegate.h; sourceTree = "<group>"; };
		B82D045E1A641E8600BCEF26 /* Constants.h */ = {isa = PBXFileReference; fileEncoding = 4; lastKnownFileType = sourcecode.c.h; path = Constants.h; sourceTree = "<group>"; };
		B82D045F1A641E8600BCEF26 /* EventListenerWatcher.h */ = {isa = PBXFileReference; fileEncoding = 4; lastKnownFileType = sourcecode.c.h; path = EventListenerWatcher.h; sourceTree = "<group>"; };
		B82D04601A641E8600BCEF26 /* AppConfig.cpp */ = {isa = PBXFileReference; fileEncoding = 4; lastKnownFileType = sourcecode.cpp.cpp; path = AppConfig.cpp; sourceTree = "<group>"; };
		B82D04611A641E8600BCEF26 /* AppConfig.h */ = {isa = PBXFileReference; fileEncoding = 4; lastKnownFileType = sourcecode.c.h; path = AppConfig.h; sourceTree = "<group>"; };
		B82D04621A641E8600BCEF26 /* LoginLayer.cpp */ = {isa = PBXFileReference; fileEncoding = 4; lastKnownFileType = sourcecode.cpp.cpp; path = LoginLayer.cpp; sourceTree = "<group>"; };
		B82D04631A641E8600BCEF26 /* LoginLayer.h */ = {isa = PBXFileReference; fileEncoding = 4; lastKnownFileType = sourcecode.c.h; path = LoginLayer.h; sourceTree = "<group>"; };
		B82D04641A641E8600BCEF26 /* Localized.cpp */ = {isa = PBXFileReference; fileEncoding = 4; lastKnownFileType = sourcecode.cpp.cpp; path = Localized.cpp; sourceTree = "<group>"; };
		B82D04651A641E8600BCEF26 /* Localized.h */ = {isa = PBXFileReference; fileEncoding = 4; lastKnownFileType = sourcecode.c.h; path = Localized.h; sourceTree = "<group>"; };
		B82D04661A641E8600BCEF26 /* Shared.cpp */ = {isa = PBXFileReference; fileEncoding = 4; lastKnownFileType = sourcecode.cpp.cpp; path = Shared.cpp; sourceTree = "<group>"; };
		B82D04671A641E8600BCEF26 /* Shared.h */ = {isa = PBXFileReference; fileEncoding = 4; lastKnownFileType = sourcecode.c.h; path = Shared.h; sourceTree = "<group>"; };
		B82D04721A641EB400BCEF26 /* Res */ = {isa = PBXFileReference; lastKnownFileType = folder; name = Res; path = ../Res; sourceTree = "<group>"; };
		B840C7FC1BE1CBA300116E94 /* UserSettingsLayer.cpp */ = {isa = PBXFileReference; fileEncoding = 4; lastKnownFileType = sourcecode.cpp.cpp; path = UserSettingsLayer.cpp; sourceTree = "<group>"; };
		B840C7FD1BE1CBA300116E94 /* UserSettingsLayer.h */ = {isa = PBXFileReference; fileEncoding = 4; lastKnownFileType = sourcecode.c.h; path = UserSettingsLayer.h; sourceTree = "<group>"; };
		B840C8001BE2053F00116E94 /* IOnGoalChanged.h */ = {isa = PBXFileReference; fileEncoding = 4; lastKnownFileType = sourcecode.c.h; path = IOnGoalChanged.h; sourceTree = "<group>"; };
		B845C8A41B615DD200551122 /* MainLayer.cpp */ = {isa = PBXFileReference; fileEncoding = 4; lastKnownFileType = sourcecode.cpp.cpp; path = MainLayer.cpp; sourceTree = "<group>"; };
		B845C8A51B615DD200551122 /* MainLayer.h */ = {isa = PBXFileReference; fileEncoding = 4; lastKnownFileType = sourcecode.c.h; path = MainLayer.h; sourceTree = "<group>"; };
		B8624D651B5915D9006B3E3D /* Types.h */ = {isa = PBXFileReference; fileEncoding = 4; lastKnownFileType = sourcecode.c.h; path = Types.h; sourceTree = "<group>"; };
		B8624D6A1B596794006B3E3D /* Toast.cpp */ = {isa = PBXFileReference; fileEncoding = 4; lastKnownFileType = sourcecode.cpp.cpp; path = Toast.cpp; sourceTree = "<group>"; };
		B8624D6B1B596794006B3E3D /* Toast.h */ = {isa = PBXFileReference; fileEncoding = 4; lastKnownFileType = sourcecode.c.h; path = Toast.h; sourceTree = "<group>"; };
		B8624D6E1B5A0DF3006B3E3D /* LayerBlocker.cpp */ = {isa = PBXFileReference; fileEncoding = 4; lastKnownFileType = sourcecode.cpp.cpp; path = LayerBlocker.cpp; sourceTree = "<group>"; };
		B8624D6F1B5A0DF3006B3E3D /* LayerBlocker.h */ = {isa = PBXFileReference; fileEncoding = 4; lastKnownFileType = sourcecode.c.h; path = LayerBlocker.h; sourceTree = "<group>"; };
		B8C616671B561C63007519A8 /* ServerAPI.h */ = {isa = PBXFileReference; fileEncoding = 4; lastKnownFileType = sourcecode.c.h; path = ServerAPI.h; sourceTree = "<group>"; };
		B8C616771B5635AA007519A8 /* ServerAPI.mm */ = {isa = PBXFileReference; fileEncoding = 4; lastKnownFileType = sourcecode.cpp.objcpp; name = ServerAPI.mm; path = ios/ServerAPI.mm; sourceTree = SOURCE_ROOT; };
		B8FAA4A81BE11236002639AE /* Meal.cpp */ = {isa = PBXFileReference; fileEncoding = 4; lastKnownFileType = sourcecode.cpp.cpp; path = Meal.cpp; sourceTree = "<group>"; };
		B8FAA4A91BE11236002639AE /* Meal.h */ = {isa = PBXFileReference; fileEncoding = 4; lastKnownFileType = sourcecode.c.h; path = Meal.h; sourceTree = "<group>"; };
		B8FAA4AC1BE11289002639AE /* Date.cpp */ = {isa = PBXFileReference; fileEncoding = 4; lastKnownFileType = sourcecode.cpp.cpp; path = Date.cpp; sourceTree = "<group>"; };
		B8FAA4AD1BE11289002639AE /* Date.h */ = {isa = PBXFileReference; fileEncoding = 4; lastKnownFileType = sourcecode.c.h; path = Date.h; sourceTree = "<group>"; };
		B8FAA4B01BE11B22002639AE /* Goal.cpp */ = {isa = PBXFileReference; fileEncoding = 4; lastKnownFileType = sourcecode.cpp.cpp; path = Goal.cpp; sourceTree = "<group>"; };
		B8FAA4B11BE11B22002639AE /* Goal.h */ = {isa = PBXFileReference; fileEncoding = 4; lastKnownFileType = sourcecode.c.h; path = Goal.h; sourceTree = "<group>"; };
		B8FAA4B41BE11C9E002639AE /* MealGroup.cpp */ = {isa = PBXFileReference; fileEncoding = 4; lastKnownFileType = sourcecode.cpp.cpp; path = MealGroup.cpp; sourceTree = "<group>"; };
		B8FAA4B51BE11C9E002639AE /* MealGroup.h */ = {isa = PBXFileReference; fileEncoding = 4; lastKnownFileType = sourcecode.c.h; path = MealGroup.h; sourceTree = "<group>"; };
		B8FAA4B81BE12171002639AE /* Tests.cpp */ = {isa = PBXFileReference; fileEncoding = 4; lastKnownFileType = sourcecode.cpp.cpp; path = Tests.cpp; sourceTree = "<group>"; };
		B8FAA4B91BE12171002639AE /* Tests.h */ = {isa = PBXFileReference; fileEncoding = 4; lastKnownFileType = sourcecode.c.h; path = Tests.h; sourceTree = "<group>"; };
		B8FAA4BE1BE1A1BC002639AE /* MealItemCell.cpp */ = {isa = PBXFileReference; fileEncoding = 4; lastKnownFileType = sourcecode.cpp.cpp; path = MealItemCell.cpp; sourceTree = "<group>"; };
		B8FAA4BF1BE1A1BC002639AE /* MealItemCell.h */ = {isa = PBXFileReference; fileEncoding = 4; lastKnownFileType = sourcecode.c.h; path = MealItemCell.h; sourceTree = "<group>"; };
		BF170DB012928DE900B8313A /* OpenGLES.framework */ = {isa = PBXFileReference; lastKnownFileType = wrapper.framework; name = OpenGLES.framework; path = System/Library/Frameworks/OpenGLES.framework; sourceTree = SDKROOT; };
		BF170DB412928DE900B8313A /* libz.dylib */ = {isa = PBXFileReference; lastKnownFileType = "compiled.mach-o.dylib"; name = libz.dylib; path = usr/lib/libz.dylib; sourceTree = SDKROOT; };
		BF1C47EA1293683800B63C5D /* QuartzCore.framework */ = {isa = PBXFileReference; lastKnownFileType = wrapper.framework; name = QuartzCore.framework; path = System/Library/Frameworks/QuartzCore.framework; sourceTree = SDKROOT; };
		D44C620B132DFF330009C878 /* OpenAL.framework */ = {isa = PBXFileReference; lastKnownFileType = wrapper.framework; name = OpenAL.framework; path = System/Library/Frameworks/OpenAL.framework; sourceTree = SDKROOT; };
		D44C620D132DFF430009C878 /* AVFoundation.framework */ = {isa = PBXFileReference; lastKnownFileType = wrapper.framework; name = AVFoundation.framework; path = System/Library/Frameworks/AVFoundation.framework; sourceTree = SDKROOT; };
		D44C620F132DFF4E0009C878 /* AudioToolbox.framework */ = {isa = PBXFileReference; lastKnownFileType = wrapper.framework; name = AudioToolbox.framework; path = System/Library/Frameworks/AudioToolbox.framework; sourceTree = SDKROOT; };
		D6B0611A1803AB670077942B /* CoreMotion.framework */ = {isa = PBXFileReference; lastKnownFileType = wrapper.framework; name = CoreMotion.framework; path = Platforms/iPhoneOS.platform/Developer/SDKs/iPhoneOS7.0.sdk/System/Library/Frameworks/CoreMotion.framework; sourceTree = DEVELOPER_DIR; };
/* End PBXFileReference section */

/* Begin PBXFrameworksBuildPhase section */
		1D60588F0D05DD3D006BFB54 /* Frameworks */ = {
			isa = PBXFrameworksBuildPhase;
			buildActionMask = 2147483647;
			files = (
				B814A15E1BDE5CDA006F6E71 /* libsqlite3.dylib in Frameworks */,
				B814A15A1BDE5CA2006F6E71 /* SystemConfiguration.framework in Frameworks */,
				B814A1581BDE5C8E006F6E71 /* StoreKit.framework in Frameworks */,
				B814A1561BDE5C89006F6E71 /* Social.framework in Frameworks */,
				B814A1541BDE5C7C006F6E71 /* Security.framework in Frameworks */,
				B814A1521BDE5C6D006F6E71 /* CoreLocation.framework in Frameworks */,
				B814A1601BDE5E62006F6E71 /* Bolts.framework in Frameworks */,
				B814A1501BDE5C52006F6E71 /* CFNetwork.framework in Frameworks */,
				B814A14E1BDE5C36006F6E71 /* Accounts.framework in Frameworks */,
				1AC6FB30180E99EB004C840B /* libcocos2d iOS.a in Frameworks */,
				D6B0611B1803AB670077942B /* CoreMotion.framework in Frameworks */,
				1D60589F0D05DD5A006BFB54 /* Foundation.framework in Frameworks */,
				1DF5F4E00D08C38300B7A737 /* UIKit.framework in Frameworks */,
				288765A50DF7441C002DB57D /* CoreGraphics.framework in Frameworks */,
				BF171245129291EC00B8313A /* OpenGLES.framework in Frameworks */,
				BF1712471292920000B8313A /* libz.dylib in Frameworks */,
				BF1C47F01293687400B63C5D /* QuartzCore.framework in Frameworks */,
				D44C620C132DFF330009C878 /* OpenAL.framework in Frameworks */,
				D44C620E132DFF430009C878 /* AVFoundation.framework in Frameworks */,
				B814A14C1BDE56FC006F6E71 /* Parse.framework in Frameworks */,
				D44C6210132DFF4E0009C878 /* AudioToolbox.framework in Frameworks */,
			);
			runOnlyForDeploymentPostprocessing = 0;
		};
		5087E75C17EB910900C73F5D /* Frameworks */ = {
			isa = PBXFrameworksBuildPhase;
			buildActionMask = 2147483647;
			files = (
				5087E76717EB910900C73F5D /* libz.dylib in Frameworks */,
				B814A1731BDE81AC006F6E71 /* libsqlite3.dylib in Frameworks */,
				B814A1711BDE81A1006F6E71 /* SystemConfiguration.framework in Frameworks */,
				B814A16F1BDE8199006F6E71 /* Security.framework in Frameworks */,
				B814A16D1BDE818D006F6E71 /* CoreLocation.framework in Frameworks */,
				B814A16B1BDE8183006F6E71 /* CoreGraphics.framework in Frameworks */,
				B814A16A1BDE816C006F6E71 /* CFNetwork.framework in Frameworks */,
				B814A1681BDE8159006F6E71 /* ApplicationServices.framework in Frameworks */,
				1AC6FB21180E996B004C840B /* libcocos2d Mac.a in Frameworks */,
				503AE11217EB99EE00D1A890 /* libcurl.dylib in Frameworks */,
				B814A1631BDE8065006F6E71 /* Bolts.framework in Frameworks */,
				503AE11B17EB9C5A00D1A890 /* IOKit.framework in Frameworks */,
				5087E78B17EB975400C73F5D /* OpenGL.framework in Frameworks */,
				B814A1641BDE8066006F6E71 /* Parse.framework in Frameworks */,
				5087E78917EB974C00C73F5D /* AppKit.framework in Frameworks */,
				5087E76317EB910900C73F5D /* Foundation.framework in Frameworks */,
				5087E76817EB910900C73F5D /* QuartzCore.framework in Frameworks */,
				5087E76917EB910900C73F5D /* OpenAL.framework in Frameworks */,
				5087E76A17EB910900C73F5D /* AVFoundation.framework in Frameworks */,
				5087E76B17EB910900C73F5D /* AudioToolbox.framework in Frameworks */,
			);
			runOnlyForDeploymentPostprocessing = 0;
		};
/* End PBXFrameworksBuildPhase section */

/* Begin PBXGroup section */
		080E96DDFE201D6D7F000001 /* ios */ = {
			isa = PBXGroup;
			children = (
				B814A1791BDF77E7006F6E71 /* LoginLayerOnKeyboardEnterExit.h */,
				B8C616771B5635AA007519A8 /* ServerAPI.mm */,
				B814A15F1BDE5E62006F6E71 /* Bolts.framework */,
				B814A14B1BDE56FB006F6E71 /* Parse.framework */,
				5087E77117EB970100C73F5D /* Icons */,
				503AE0FA17EB989F00D1A890 /* AppController.h */,
				503AE0FB17EB989F00D1A890 /* AppController.mm */,
				503AE0FC17EB989F00D1A890 /* main.m */,
				503AE0FD17EB989F00D1A890 /* Prefix.pch */,
				503AE0FE17EB989F00D1A890 /* RootViewController.h */,
				503AE0FF17EB989F00D1A890 /* RootViewController.mm */,
			);
			name = ios;
			path = Classes;
			sourceTree = "<group>";
		};
		19C28FACFE9D520D11CA2CBB /* Products */ = {
			isa = PBXGroup;
			children = (
				1D6058910D05DD3D006BFB54 /* ttt_c_tracker iOS.app */,
				5087E76F17EB910900C73F5D /* ttt_c_tracker Mac.app */,
			);
			name = Products;
			sourceTree = "<group>";
		};
		1AC6FAE6180E9839004C840B /* Products */ = {
			isa = PBXGroup;
			children = (
				1AC6FAF9180E9839004C840B /* libcocos2d Mac.a */,
				1AC6FB07180E9839004C840B /* libcocos2d iOS.a */,
			);
			name = Products;
			sourceTree = "<group>";
		};
		29B97314FDCFA39411CA2CEA /* CustomTemplate */ = {
			isa = PBXGroup;
			children = (
				1AC6FAE5180E9839004C840B /* cocos2d_libs.xcodeproj */,
				B82D04721A641EB400BCEF26 /* Res */,
				46880B8319C43A87006E1F66 /* Classes */,
				46880B7519C43A67006E1F66 /* Resources */,
				29B97323FDCFA39411CA2CEA /* Frameworks */,
				080E96DDFE201D6D7F000001 /* ios */,
				503AE10617EB990700D1A890 /* mac */,
				19C28FACFE9D520D11CA2CBB /* Products */,
			);
			name = CustomTemplate;
			sourceTree = "<group>";
		};
		29B97323FDCFA39411CA2CEA /* Frameworks */ = {
			isa = PBXGroup;
			children = (
				B814A1721BDE81AC006F6E71 /* libsqlite3.dylib */,
				B814A1701BDE81A1006F6E71 /* SystemConfiguration.framework */,
				B814A16E1BDE8199006F6E71 /* Security.framework */,
				B814A16C1BDE818D006F6E71 /* CoreLocation.framework */,
				B814A1691BDE816C006F6E71 /* CFNetwork.framework */,
				B814A1671BDE8159006F6E71 /* ApplicationServices.framework */,
				B814A15D1BDE5CDA006F6E71 /* libsqlite3.dylib */,
				B814A15B1BDE5CC6006F6E71 /* libz.dylib */,
				B814A1591BDE5CA2006F6E71 /* SystemConfiguration.framework */,
				B814A1571BDE5C8E006F6E71 /* StoreKit.framework */,
				B814A1551BDE5C89006F6E71 /* Social.framework */,
				B814A1531BDE5C7C006F6E71 /* Security.framework */,
				B814A1511BDE5C6D006F6E71 /* CoreLocation.framework */,
				B814A14F1BDE5C52006F6E71 /* CFNetwork.framework */,
				B814A14D1BDE5C35006F6E71 /* Accounts.framework */,
				D6B0611A1803AB670077942B /* CoreMotion.framework */,
				503AE11A17EB9C5A00D1A890 /* IOKit.framework */,
				503AE11117EB99EE00D1A890 /* libcurl.dylib */,
				5087E78A17EB975400C73F5D /* OpenGL.framework */,
				5087E78817EB974C00C73F5D /* AppKit.framework */,
				1ACB3243164770DE00914215 /* libcurl.a */,
				BF170DB412928DE900B8313A /* libz.dylib */,
				D44C620F132DFF4E0009C878 /* AudioToolbox.framework */,
				D44C620D132DFF430009C878 /* AVFoundation.framework */,
				288765A40DF7441C002DB57D /* CoreGraphics.framework */,
				1D30AB110D05D00D00671497 /* Foundation.framework */,
				D44C620B132DFF330009C878 /* OpenAL.framework */,
				BF170DB012928DE900B8313A /* OpenGLES.framework */,
				BF1C47EA1293683800B63C5D /* QuartzCore.framework */,
				1DF5F4DF0D08C38300B7A737 /* UIKit.framework */,
			);
			name = Frameworks;
			sourceTree = "<group>";
		};
		46880B7519C43A67006E1F66 /* Resources */ = {
			isa = PBXGroup;
			children = (
			);
			name = Resources;
			path = ../Resources;
			sourceTree = "<group>";
		};
		46880B8319C43A87006E1F66 /* Classes */ = {
			isa = PBXGroup;
			children = (
				B8FAA4BC1BE12178002639AE /* tests */,
				B8041DA61B5E368D002A4C14 /* models */,
				B8624D691B596778006B3E3D /* ui */,
				B8C616661B561BD8007519A8 /* api */,
				B82D045C1A641E8600BCEF26 /* AppDelegate.cpp */,
				B82D045D1A641E8600BCEF26 /* AppDelegate.h */,
				B82D045E1A641E8600BCEF26 /* Constants.h */,
				B8624D651B5915D9006B3E3D /* Types.h */,
				B82D045F1A641E8600BCEF26 /* EventListenerWatcher.h */,
				B82D04601A641E8600BCEF26 /* AppConfig.cpp */,
				B82D04611A641E8600BCEF26 /* AppConfig.h */,
				B82D04641A641E8600BCEF26 /* Localized.cpp */,
				B82D04651A641E8600BCEF26 /* Localized.h */,
				B82D04661A641E8600BCEF26 /* Shared.cpp */,
				B82D04671A641E8600BCEF26 /* Shared.h */,
			);
			name = Classes;
			path = ../Classes;
			sourceTree = "<group>";
		};
		503AE0F517EB97AB00D1A890 /* Icons */ = {
			isa = PBXGroup;
			children = (
				503AE0F617EB97AB00D1A890 /* Icon.icns */,
				503AE0F717EB97AB00D1A890 /* Info.plist */,
			);
			name = Icons;
			path = mac;
			sourceTree = SOURCE_ROOT;
		};
		503AE10617EB990700D1A890 /* mac */ = {
			isa = PBXGroup;
			children = (
				B814A1651BDE80F3006F6E71 /* ServerAPI.mm */,
				B814A1611BDE8065006F6E71 /* Bolts.framework */,
				B814A1621BDE8065006F6E71 /* Parse.framework */,
				503AE0F517EB97AB00D1A890 /* Icons */,
				503AE10317EB98FF00D1A890 /* main.cpp */,
				503AE10417EB98FF00D1A890 /* Prefix.pch */,
				B814A17A1BDF7BDF006F6E71 /* LoginLayerOnKeyboardEnterExit.h */,
			);
			name = mac;
			sourceTree = "<group>";
		};
		5087E77117EB970100C73F5D /* Icons */ = {
			isa = PBXGroup;
			children = (
				521A8E6219F0C34300D177D7 /* Default-667h@2x.png */,
				521A8E6319F0C34300D177D7 /* Default-736h@3x.png */,
				5087E77217EB970100C73F5D /* Default-568h@2x.png */,
				5087E77317EB970100C73F5D /* Default.png */,
				5087E77417EB970100C73F5D /* Default@2x.png */,
				50EF62A017ECD613001EB2F8 /* Icon-29.png */,
				50EF62A117ECD613001EB2F8 /* Icon-50.png */,
				50EF629217ECD46A001EB2F8 /* Icon-40.png */,
				50EF629317ECD46A001EB2F8 /* Icon-58.png */,
				50EF629417ECD46A001EB2F8 /* Icon-80.png */,
				50EF629517ECD46A001EB2F8 /* Icon-100.png */,
				5087E77517EB970100C73F5D /* Icon-114.png */,
				5087E77617EB970100C73F5D /* Icon-120.png */,
				5087E77717EB970100C73F5D /* Icon-144.png */,
				5087E77817EB970100C73F5D /* Icon-152.png */,
				5087E77917EB970100C73F5D /* Icon-57.png */,
				5087E77A17EB970100C73F5D /* Icon-72.png */,
				5087E77B17EB970100C73F5D /* Icon-76.png */,
				5087E77C17EB970100C73F5D /* Info.plist */,
			);
			name = Icons;
			path = ios;
			sourceTree = SOURCE_ROOT;
		};
		B8041DA61B5E368D002A4C14 /* models */ = {
			isa = PBXGroup;
			children = (
				B8041DAA1B5E4782002A4C14 /* User.cpp */,
				B8041DAB1B5E4782002A4C14 /* User.h */,
				B8FAA4A81BE11236002639AE /* Meal.cpp */,
				B8FAA4A91BE11236002639AE /* Meal.h */,
				B8FAA4B41BE11C9E002639AE /* MealGroup.cpp */,
				B8FAA4B51BE11C9E002639AE /* MealGroup.h */,
				B8FAA4AC1BE11289002639AE /* Date.cpp */,
				B8FAA4AD1BE11289002639AE /* Date.h */,
				B8FAA4B01BE11B22002639AE /* Goal.cpp */,
				B8FAA4B11BE11B22002639AE /* Goal.h */,
			);
			name = models;
			sourceTree = "<group>";
		};
		B8624D691B596778006B3E3D /* ui */ = {
			isa = PBXGroup;
			children = (
				B8624D721B5A16C5006B3E3D /* layers */,
				B8624D6A1B596794006B3E3D /* Toast.cpp */,
				B8624D6B1B596794006B3E3D /* Toast.h */,
				B8624D6E1B5A0DF3006B3E3D /* LayerBlocker.cpp */,
				B8624D6F1B5A0DF3006B3E3D /* LayerBlocker.h */,
			);
			name = ui;
			sourceTree = "<group>";
		};
		B8624D721B5A16C5006B3E3D /* layers */ = {
			isa = PBXGroup;
			children = (
				B8FAA4BD1BE1A16C002639AE /* views */,
				B82D04621A641E8600BCEF26 /* LoginLayer.cpp */,
				B82D04631A641E8600BCEF26 /* LoginLayer.h */,
				B845C8A41B615DD200551122 /* MainLayer.cpp */,
				B845C8A51B615DD200551122 /* MainLayer.h */,
				B814A17B1BDFB676006F6E71 /* MealsLayer.cpp */,
				B814A17C1BDFB678006F6E71 /* MealsLayer.h */,
				B840C7FC1BE1CBA300116E94 /* UserSettingsLayer.cpp */,
				B840C7FD1BE1CBA300116E94 /* UserSettingsLayer.h */,
				B840C8001BE2053F00116E94 /* IOnGoalChanged.h */,
			);
			name = layers;
			sourceTree = "<group>";
		};
		B8C616661B561BD8007519A8 /* api */ = {
			isa = PBXGroup;
			children = (
				B8C616671B561C63007519A8 /* ServerAPI.h */,
			);
			name = api;
			sourceTree = "<group>";
		};
		B8FAA4BC1BE12178002639AE /* tests */ = {
			isa = PBXGroup;
			children = (
				B8FAA4B81BE12171002639AE /* Tests.cpp */,
				B8FAA4B91BE12171002639AE /* Tests.h */,
			);
			name = tests;
			sourceTree = "<group>";
		};
		B8FAA4BD1BE1A16C002639AE /* views */ = {
			isa = PBXGroup;
			children = (
				B8FAA4BE1BE1A1BC002639AE /* MealItemCell.cpp */,
				B8FAA4BF1BE1A1BC002639AE /* MealItemCell.h */,
			);
			name = views;
			sourceTree = "<group>";
		};
/* End PBXGroup section */

/* Begin PBXNativeTarget section */
		1D6058900D05DD3D006BFB54 /* ttt_c_tracker iOS */ = {
			isa = PBXNativeTarget;
			buildConfigurationList = 1D6058960D05DD3E006BFB54 /* Build configuration list for PBXNativeTarget "ttt_c_tracker iOS" */;
			buildPhases = (
				1D60588D0D05DD3D006BFB54 /* Resources */,
				1D60588E0D05DD3D006BFB54 /* Sources */,
				1D60588F0D05DD3D006BFB54 /* Frameworks */,
			);
			buildRules = (
			);
			dependencies = (
				1AC6FB25180E99E1004C840B /* PBXTargetDependency */,
			);
			name = "ttt_c_tracker iOS";
			productName = iphone;
			productReference = 1D6058910D05DD3D006BFB54 /* ttt_c_tracker iOS.app */;
			productType = "com.apple.product-type.application";
		};
		5087E73D17EB910900C73F5D /* ttt_c_tracker Mac */ = {
			isa = PBXNativeTarget;
			buildConfigurationList = 5087E76C17EB910900C73F5D /* Build configuration list for PBXNativeTarget "ttt_c_tracker Mac" */;
			buildPhases = (
				5087E74817EB910900C73F5D /* Resources */,
				5087E75617EB910900C73F5D /* Sources */,
				5087E75C17EB910900C73F5D /* Frameworks */,
				B814A1741BDE822E006F6E71 /* CopyFiles */,
			);
			buildRules = (
			);
			dependencies = (
				1AC6FB16180E9959004C840B /* PBXTargetDependency */,
			);
			name = "ttt_c_tracker Mac";
			productName = iphone;
			productReference = 5087E76F17EB910900C73F5D /* ttt_c_tracker Mac.app */;
			productType = "com.apple.product-type.application";
		};
/* End PBXNativeTarget section */

/* Begin PBXProject section */
		29B97313FDCFA39411CA2CEA /* Project object */ = {
			isa = PBXProject;
			attributes = {
				LastUpgradeCheck = 0500;
				TargetAttributes = {
					1D6058900D05DD3D006BFB54 = {
						DevelopmentTeam = 763GRN5R24;
					};
				};
			};
			buildConfigurationList = C01FCF4E08A954540054247B /* Build configuration list for PBXProject "ttt_c_tracker" */;
			compatibilityVersion = "Xcode 3.2";
			developmentRegion = English;
			hasScannedForEncodings = 1;
			knownRegions = (
				English,
				Japanese,
				French,
				German,
				en,
				ru,
			);
			mainGroup = 29B97314FDCFA39411CA2CEA /* CustomTemplate */;
			projectDirPath = "";
			projectReferences = (
				{
					ProductGroup = 1AC6FAE6180E9839004C840B /* Products */;
					ProjectRef = 1AC6FAE5180E9839004C840B /* cocos2d_libs.xcodeproj */;
				},
			);
			projectRoot = "";
			targets = (
				1D6058900D05DD3D006BFB54 /* ttt_c_tracker iOS */,
				5087E73D17EB910900C73F5D /* ttt_c_tracker Mac */,
			);
		};
/* End PBXProject section */

/* Begin PBXReferenceProxy section */
		1AC6FAF9180E9839004C840B /* libcocos2d Mac.a */ = {
			isa = PBXReferenceProxy;
			fileType = archive.ar;
			path = "libcocos2d Mac.a";
			remoteRef = 1AC6FAF8180E9839004C840B /* PBXContainerItemProxy */;
			sourceTree = BUILT_PRODUCTS_DIR;
		};
		1AC6FB07180E9839004C840B /* libcocos2d iOS.a */ = {
			isa = PBXReferenceProxy;
			fileType = archive.ar;
			path = "libcocos2d iOS.a";
			remoteRef = 1AC6FB06180E9839004C840B /* PBXContainerItemProxy */;
			sourceTree = BUILT_PRODUCTS_DIR;
		};
/* End PBXReferenceProxy section */

/* Begin PBXResourcesBuildPhase section */
		1D60588D0D05DD3D006BFB54 /* Resources */ = {
			isa = PBXResourcesBuildPhase;
			buildActionMask = 2147483647;
			files = (
				5087E78117EB970100C73F5D /* Icon-120.png in Resources */,
				5087E78617EB970100C73F5D /* Icon-76.png in Resources */,
				5087E77F17EB970100C73F5D /* Default@2x.png in Resources */,
				B82D04731A641EB400BCEF26 /* Res in Resources */,
				50EF629917ECD46A001EB2F8 /* Icon-100.png in Resources */,
				5087E78317EB970100C73F5D /* Icon-152.png in Resources */,
				5087E77D17EB970100C73F5D /* Default-568h@2x.png in Resources */,
				5087E78517EB970100C73F5D /* Icon-72.png in Resources */,
				521A8E6519F0C34300D177D7 /* Default-736h@3x.png in Resources */,
				50EF62A317ECD613001EB2F8 /* Icon-50.png in Resources */,
				5087E78017EB970100C73F5D /* Icon-114.png in Resources */,
				50EF62A217ECD613001EB2F8 /* Icon-29.png in Resources */,
				50EF629617ECD46A001EB2F8 /* Icon-40.png in Resources */,
				5087E78217EB970100C73F5D /* Icon-144.png in Resources */,
				50EF629817ECD46A001EB2F8 /* Icon-80.png in Resources */,
				5087E78417EB970100C73F5D /* Icon-57.png in Resources */,
				5087E77E17EB970100C73F5D /* Default.png in Resources */,
				521A8E6419F0C34300D177D7 /* Default-667h@2x.png in Resources */,
				50EF629717ECD46A001EB2F8 /* Icon-58.png in Resources */,
			);
			runOnlyForDeploymentPostprocessing = 0;
		};
		5087E74817EB910900C73F5D /* Resources */ = {
			isa = PBXResourcesBuildPhase;
			buildActionMask = 2147483647;
			files = (
				503AE0F817EB97AB00D1A890 /* Icon.icns in Resources */,
				B82D04741A641EB400BCEF26 /* Res in Resources */,
			);
			runOnlyForDeploymentPostprocessing = 0;
		};
/* End PBXResourcesBuildPhase section */

/* Begin PBXSourcesBuildPhase section */
		1D60588E0D05DD3D006BFB54 /* Sources */ = {
			isa = PBXSourcesBuildPhase;
			buildActionMask = 2147483647;
			files = (
				B814A17D1BDFB679006F6E71 /* MealsLayer.cpp in Sources */,
				B845C8A61B615DD200551122 /* MainLayer.cpp in Sources */,
				B82D04681A641E8600BCEF26 /* AppDelegate.cpp in Sources */,
				B8FAA4C01BE1A1BC002639AE /* MealItemCell.cpp in Sources */,
				503AE10017EB989F00D1A890 /* AppController.mm in Sources */,
				B82D04701A641E8600BCEF26 /* Shared.cpp in Sources */,
				B8624D701B5A0DF3006B3E3D /* LayerBlocker.cpp in Sources */,
				B840C7FE1BE1CBA300116E94 /* UserSettingsLayer.cpp in Sources */,
				B8FAA4B61BE11C9E002639AE /* MealGroup.cpp in Sources */,
				B82D046E1A641E8600BCEF26 /* Localized.cpp in Sources */,
				B8624D6C1B596794006B3E3D /* Toast.cpp in Sources */,
				B8FAA4AE1BE11289002639AE /* Date.cpp in Sources */,
				B8FAA4AA1BE11236002639AE /* Meal.cpp in Sources */,
				B8FAA4BA1BE12171002639AE /* Tests.cpp in Sources */,
				B82D046A1A641E8600BCEF26 /* AppConfig.cpp in Sources */,
				503AE10217EB989F00D1A890 /* RootViewController.mm in Sources */,
				B8041DAC1B5E4782002A4C14 /* User.cpp in Sources */,
				503AE10117EB989F00D1A890 /* main.m in Sources */,
				B8C616781B5635AA007519A8 /* ServerAPI.mm in Sources */,
				B82D046C1A641E8600BCEF26 /* LoginLayer.cpp in Sources */,
				B8FAA4B21BE11B22002639AE /* Goal.cpp in Sources */,
			);
			runOnlyForDeploymentPostprocessing = 0;
		};
		5087E75617EB910900C73F5D /* Sources */ = {
			isa = PBXSourcesBuildPhase;
			buildActionMask = 2147483647;
			files = (
				B8041DAD1B5E4782002A4C14 /* User.cpp in Sources */,
				B814A1661BDE80F3006F6E71 /* ServerAPI.mm in Sources */,
				B8FAA4AB1BE11236002639AE /* Meal.cpp in Sources */,
				B8FAA4C11BE1A1BC002639AE /* MealItemCell.cpp in Sources */,
				B8624D711B5A0DF3006B3E3D /* LayerBlocker.cpp in Sources */,
				B840C7FF1BE1CBA300116E94 /* UserSettingsLayer.cpp in Sources */,
				B82D04711A641E8600BCEF26 /* Shared.cpp in Sources */,
				B82D046F1A641E8600BCEF26 /* Localized.cpp in Sources */,
				B814A17E1BDFB67C006F6E71 /* MealsLayer.cpp in Sources */,
				B845C8A71B615DD200551122 /* MainLayer.cpp in Sources */,
				B82D046B1A641E8600BCEF26 /* AppConfig.cpp in Sources */,
				B8FAA4B31BE11B22002639AE /* Goal.cpp in Sources */,
				B8FAA4B71BE11C9E002639AE /* MealGroup.cpp in Sources */,
				B8FAA4AF1BE11289002639AE /* Date.cpp in Sources */,
				B82D046D1A641E8600BCEF26 /* LoginLayer.cpp in Sources */,
				B82D04691A641E8600BCEF26 /* AppDelegate.cpp in Sources */,
				B8624D6D1B596794006B3E3D /* Toast.cpp in Sources */,
				B8FAA4BB1BE12171002639AE /* Tests.cpp in Sources */,
				503AE10517EB98FF00D1A890 /* main.cpp in Sources */,
			);
			runOnlyForDeploymentPostprocessing = 0;
		};
/* End PBXSourcesBuildPhase section */

/* Begin PBXTargetDependency section */
		1AC6FB16180E9959004C840B /* PBXTargetDependency */ = {
			isa = PBXTargetDependency;
			name = "cocos2dx Mac";
			targetProxy = 1AC6FB15180E9959004C840B /* PBXContainerItemProxy */;
		};
		1AC6FB25180E99E1004C840B /* PBXTargetDependency */ = {
			isa = PBXTargetDependency;
			name = "cocos2dx iOS";
			targetProxy = 1AC6FB24180E99E1004C840B /* PBXContainerItemProxy */;
		};
/* End PBXTargetDependency section */

/* Begin XCBuildConfiguration section */
		1D6058940D05DD3E006BFB54 /* Debug */ = {
			isa = XCBuildConfiguration;
			buildSettings = {
				ALWAYS_SEARCH_USER_PATHS = YES;
				CODE_SIGN_IDENTITY = "iPhone Developer";
				COMPRESS_PNG_FILES = NO;
				FRAMEWORK_SEARCH_PATHS = (
					"$(inherited)",
					"$(PROJECT_DIR)/ios",
				);
				GCC_DYNAMIC_NO_PIC = NO;
				GCC_INLINES_ARE_PRIVATE_EXTERN = NO;
				GCC_PRECOMPILE_PREFIX_HEADER = YES;
				GCC_PREFIX_HEADER = ios/Prefix.pch;
				GCC_PREPROCESSOR_DEFINITIONS = (
					USE_FILE32API,
					CC_TARGET_OS_IPHONE,
					"COCOS2D_DEBUG=1",
					"CC_ENABLE_CHIPMUNK_INTEGRATION=1",
				);
				GCC_SYMBOLS_PRIVATE_EXTERN = NO;
				HEADER_SEARCH_PATHS = (
					"$(inherited)",
					"$(SRCROOT)/../cocos2d/cocos/platform/ios",
					"$(SRCROOT)/../cocos2d/cocos/platform/ios/Simulation",
					"$(SRCROOT)/ios/vksdk/**",
				);
				INFOPLIST_FILE = ios/Info.plist;
				IPHONEOS_DEPLOYMENT_TARGET = 8.0;
				LIBRARY_SEARCH_PATHS = "";
				PRODUCT_NAME = "ttt_c_tracker iOS";
				PROVISIONING_PROFILE = "546d1ed7-92fb-4fa0-ac62-a53048269cbf";
				SDKROOT = iphoneos;
				TARGETED_DEVICE_FAMILY = "1,2";
				VALID_ARCHS = "arm64 armv7";
			};
			name = Debug;
		};
		1D6058950D05DD3E006BFB54 /* Release */ = {
			isa = XCBuildConfiguration;
			buildSettings = {
				ALWAYS_SEARCH_USER_PATHS = YES;
				CODE_SIGN_IDENTITY = "iPhone Developer";
				COMPRESS_PNG_FILES = NO;
				FRAMEWORK_SEARCH_PATHS = (
					"$(inherited)",
					"$(PROJECT_DIR)/ios",
				);
				GCC_INLINES_ARE_PRIVATE_EXTERN = NO;
				GCC_PRECOMPILE_PREFIX_HEADER = YES;
				GCC_PREFIX_HEADER = ios/Prefix.pch;
				GCC_PREPROCESSOR_DEFINITIONS = (
					USE_FILE32API,
					CC_TARGET_OS_IPHONE,
					"CC_ENABLE_CHIPMUNK_INTEGRATION=1",
				);
				GCC_SYMBOLS_PRIVATE_EXTERN = NO;
				HEADER_SEARCH_PATHS = (
					"$(inherited)",
					"$(SRCROOT)/../cocos2d/cocos/platform/ios",
					"$(SRCROOT)/../cocos2d/cocos/platform/ios/Simulation",
					"$(SRCROOT)/ios/vksdk/**",
				);
				INFOPLIST_FILE = ios/Info.plist;
				IPHONEOS_DEPLOYMENT_TARGET = 8.0;
				LIBRARY_SEARCH_PATHS = "";
				PRODUCT_NAME = "ttt_c_tracker iOS";
				SDKROOT = iphoneos;
				TARGETED_DEVICE_FAMILY = "1,2";
				VALID_ARCHS = "arm64 armv7";
			};
			name = Release;
		};
		5087E76D17EB910900C73F5D /* Debug */ = {
			isa = XCBuildConfiguration;
			buildSettings = {
				ALWAYS_SEARCH_USER_PATHS = YES;
				ARCHS = "$(ARCHS_STANDARD_64_BIT)";
				CLANG_CXX_LANGUAGE_STANDARD = "c++0x";
				CLANG_CXX_LIBRARY = "libc++";
				FRAMEWORK_SEARCH_PATHS = (
					"$(inherited)",
					"$(PROJECT_DIR)/mac",
				);
				GCC_DYNAMIC_NO_PIC = NO;
				GCC_INLINES_ARE_PRIVATE_EXTERN = NO;
				GCC_PRECOMPILE_PREFIX_HEADER = YES;
				GCC_PREFIX_HEADER = mac/Prefix.pch;
				GCC_PREPROCESSOR_DEFINITIONS = (
					USE_FILE32API,
					CC_TARGET_OS_MAC,
					"COCOS2D_DEBUG=1",
					"CC_ENABLE_CHIPMUNK_INTEGRATION=1",
				);
				GCC_SYMBOLS_PRIVATE_EXTERN = NO;
				HEADER_SEARCH_PATHS = (
					"$(inherited)",
					"$(SRCROOT)/../cocos2d/cocos/platform/mac",
					"$(SRCROOT)/../cocos2d/external/glfw3/include/mac",
				);
				INFOPLIST_FILE = mac/Info.plist;
				LIBRARY_SEARCH_PATHS = "";
				PRODUCT_NAME = "ttt_c_tracker Mac";
				USER_HEADER_SEARCH_PATHS = "";
			};
			name = Debug;
		};
		5087E76E17EB910900C73F5D /* Release */ = {
			isa = XCBuildConfiguration;
			buildSettings = {
				ALWAYS_SEARCH_USER_PATHS = YES;
				ARCHS = "$(ARCHS_STANDARD_64_BIT)";
				CLANG_CXX_LANGUAGE_STANDARD = "c++0x";
				CLANG_CXX_LIBRARY = "libc++";
				FRAMEWORK_SEARCH_PATHS = (
					"$(inherited)",
					"$(PROJECT_DIR)/mac",
				);
				GCC_INLINES_ARE_PRIVATE_EXTERN = NO;
				GCC_PRECOMPILE_PREFIX_HEADER = YES;
				GCC_PREFIX_HEADER = mac/Prefix.pch;
				GCC_PREPROCESSOR_DEFINITIONS = (
					USE_FILE32API,
					CC_TARGET_OS_MAC,
					"CC_ENABLE_CHIPMUNK_INTEGRATION=1",
				);
				GCC_SYMBOLS_PRIVATE_EXTERN = NO;
				HEADER_SEARCH_PATHS = (
					"$(inherited)",
					"$(SRCROOT)/../cocos2d/cocos/platform/mac",
					"$(SRCROOT)/../cocos2d/external/glfw3/include/mac",
				);
				INFOPLIST_FILE = mac/Info.plist;
				LIBRARY_SEARCH_PATHS = "";
				PRODUCT_NAME = "ttt_c_tracker Mac";
				USER_HEADER_SEARCH_PATHS = "";
			};
			name = Release;
		};
		C01FCF4F08A954540054247B /* Debug */ = {
			isa = XCBuildConfiguration;
			buildSettings = {
				CLANG_CXX_LANGUAGE_STANDARD = "c++0x";
				CLANG_CXX_LIBRARY = "libc++";
				COPY_PHASE_STRIP = NO;
				GCC_OPTIMIZATION_LEVEL = 0;
				GCC_WARN_ABOUT_RETURN_TYPE = YES;
				GCC_WARN_UNUSED_VARIABLE = YES;
				HEADER_SEARCH_PATHS = (
					"$(SRCROOT)/../cocos2d",
					"$(SRCROOT)/../cocos2d/cocos",
					"$(SRCROOT)/../cocos2d/cocos/base",
					"$(SRCROOT)/../cocos2d/cocos/physics",
					"$(SRCROOT)/../cocos2d/cocos/math",
					"$(SRCROOT)/../cocos2d/cocos/2d",
					"$(SRCROOT)/../cocos2d/cocos/ui",
					"$(SRCROOT)/../cocos2d/cocos/network",
					"$(SRCROOT)/../cocos2d/cocos/audio/include",
					"$(SRCROOT)/../cocos2d/cocos/editor-support",
					"$(SRCROOT)/../cocos2d/extensions",
					"$(SRCROOT)/../cocos2d/external",
					"$(SRCROOT)/../cocos2d/external/chipmunk/include/chipmunk",
				);
				MACOSX_DEPLOYMENT_TARGET = 10.7;
				ONLY_ACTIVE_ARCH = YES;
				PRODUCT_NAME = "$(TARGET_NAME)";
				SDKROOT = macosx;
			};
			name = Debug;
		};
		C01FCF5008A954540054247B /* Release */ = {
			isa = XCBuildConfiguration;
			buildSettings = {
				CLANG_CXX_LANGUAGE_STANDARD = "c++0x";
				CLANG_CXX_LIBRARY = "libc++";
				GCC_WARN_ABOUT_RETURN_TYPE = YES;
				GCC_WARN_UNUSED_VARIABLE = YES;
				HEADER_SEARCH_PATHS = (
					"$(SRCROOT)/../cocos2d",
					"$(SRCROOT)/../cocos2d/cocos",
					"$(SRCROOT)/../cocos2d/cocos/base",
					"$(SRCROOT)/../cocos2d/cocos/physics",
					"$(SRCROOT)/../cocos2d/cocos/math",
					"$(SRCROOT)/../cocos2d/cocos/2d",
					"$(SRCROOT)/../cocos2d/cocos/ui",
					"$(SRCROOT)/../cocos2d/cocos/network",
					"$(SRCROOT)/../cocos2d/cocos/audio/include",
					"$(SRCROOT)/../cocos2d/cocos/editor-support",
					"$(SRCROOT)/../cocos2d/extensions",
					"$(SRCROOT)/../cocos2d/external",
					"$(SRCROOT)/../cocos2d/external/chipmunk/include/chipmunk",
				);
				MACOSX_DEPLOYMENT_TARGET = 10.7;
				OTHER_CFLAGS = "-DNS_BLOCK_ASSERTIONS=1";
				PRODUCT_NAME = "$(TARGET_NAME)";
				SDKROOT = macosx;
				VALIDATE_PRODUCT = YES;
			};
			name = Release;
		};
/* End XCBuildConfiguration section */

/* Begin XCConfigurationList section */
		1D6058960D05DD3E006BFB54 /* Build configuration list for PBXNativeTarget "ttt_c_tracker iOS" */ = {
			isa = XCConfigurationList;
			buildConfigurations = (
				1D6058940D05DD3E006BFB54 /* Debug */,
				1D6058950D05DD3E006BFB54 /* Release */,
			);
			defaultConfigurationIsVisible = 0;
			defaultConfigurationName = Debug;
		};
		5087E76C17EB910900C73F5D /* Build configuration list for PBXNativeTarget "ttt_c_tracker Mac" */ = {
			isa = XCConfigurationList;
			buildConfigurations = (
				5087E76D17EB910900C73F5D /* Debug */,
				5087E76E17EB910900C73F5D /* Release */,
			);
			defaultConfigurationIsVisible = 0;
			defaultConfigurationName = Debug;
		};
		C01FCF4E08A954540054247B /* Build configuration list for PBXProject "ttt_c_tracker" */ = {
			isa = XCConfigurationList;
			buildConfigurations = (
				C01FCF4F08A954540054247B /* Debug */,
				C01FCF5008A954540054247B /* Release */,
			);
			defaultConfigurationIsVisible = 0;
			defaultConfigurationName = Debug;
		};
/* End XCConfigurationList section */
	};
	rootObject = 29B97313FDCFA39411CA2CEA /* Project object */;
}
